
Microsoft Visual Studio Solution File, Format Version 12.00
# Visual Studio Version 16
VisualStudioVersion = 16.0.32510.428
MinimumVisualStudioVersion = 10.0.40219.1
Project("{FAE04EC0-301F-11D3-BF4B-00C04F79EFBC}") = "Ticimax.SmsSender.Service", "Ticimax.SmsSender.Service\Ticimax.SmsSender.Service.csproj", "{811BC133-73FF-407A-BB04-5F72280DCE47}"
EndProject
Project("{FAE04EC0-301F-11D3-BF4B-00C04F79EFBC}") = "Ticimax.SmsSender.Models", "Ticimax.SmsSender.Models\Ticimax.SmsSender.Models.csproj", "{C94E5497-0B97-49D3-9E00-99F99FF8A29E}"
EndProject
Project("{FAE04EC0-301F-11D3-BF4B-00C04F79EFBC}") = "Ticimax.SmsSender.Client", "Ticimax.SmsSender.Client\Ticimax.SmsSender.Client.csproj", "{61E6640C-787E-4A37-B122-0E1F66C05868}"
EndProject
Global
	GlobalSection(SolutionConfigurationPlatforms) = preSolution
		Debug|Any CPU = Debug|Any CPU
		Release|Any CPU = Release|Any CPU
	EndGlobalSection
	GlobalSection(ProjectConfigurationPlatforms) = postSolution
		{811BC133-73FF-407A-BB04-5F72280DCE47}.Debug|Any CPU.ActiveCfg = Debug|Any CPU
		{811BC133-73FF-407A-BB04-5F72280DCE47}.Debug|Any CPU.Build.0 = Debug|Any CPU
		{811BC133-73FF-407A-BB04-5F72280DCE47}.Release|Any CPU.ActiveCfg = Release|Any CPU
		{811BC133-73FF-407A-BB04-5F72280DCE47}.Release|Any CPU.Build.0 = Release|Any CPU
		{C94E5497-0B97-49D3-9E00-99F99FF8A29E}.Debug|Any CPU.ActiveCfg = Debug|Any CPU
		{C94E5497-0B97-49D3-9E00-99F99FF8A29E}.Debug|Any CPU.Build.0 = Debug|Any CPU
		{C94E5497-0B97-49D3-9E00-99F99FF8A29E}.Release|Any CPU.ActiveCfg = Release|Any CPU
		{C94E5497-0B97-49D3-9E00-99F99FF8A29E}.Release|Any CPU.Build.0 = Release|Any CPU
		{61E6640C-787E-4A37-B122-0E1F66C05868}.Debug|Any CPU.ActiveCfg = Debug|Any CPU
		{61E6640C-787E-4A37-B122-0E1F66C05868}.Debug|Any CPU.Build.0 = Debug|Any CPU
		{61E6640C-787E-4A37-B122-0E1F66C05868}.Release|Any CPU.ActiveCfg = Release|Any CPU
		{61E6640C-787E-4A37-B122-0E1F66C05868}.Release|Any CPU.Build.0 = Release|Any CPU
	EndGlobalSection
	GlobalSection(SolutionProperties) = preSolution
		HideSolutionNode = FALSE
	EndGlobalSection
	GlobalSection(ExtensibilityGlobals) = postSolution
		SolutionGuid = {15D8E38C-BCF9-493D-A31A-D77D0546FAC3}
	EndGlobalSection
EndGlobal
